<Solution>
  <Project Path="FiapCloudGames.Catalog.Api/FiapCloudGames.Catalog.Api.csproj" />
  <Project Path="FiapCloudGames.Catalog.Application/FiapCloudGames.Catalog.Application.csproj" />
  <Project Path="FiapCloudGames.Catalog.Domain/FiapCloudGames.Catalog.Domain.csproj" />
  <Project Path="FiapCloudGames.Catalog.Infrastructure/FiapCloudGames.Catalog.Infrastructure.csproj" />
  <Project Path="FiapCloudGames.Catalog.Observability/FiapCloudGames.Catalog.Observability.csproj" />
  <Project Path="FiapCloudGames.Catalog.Tests/FiapCloudGames.Catalog.Tests.csproj" />
  <Project Path="FiapCloudGames.Queue/FiapCloudGames.Queue.csproj" />
</Solution>
